// !$*UTF8*$!
{
	archiveVersion = 1;
	classes = {
	};
	objectVersion = 46;
	objects = {

/* Begin PBXBuildFile section */
		F5707FBB1D12D4C000D5C09B /* DetailUserVC.swift in Sources */ = {isa = PBXBuildFile; fileRef = F5707FBA1D12D4C000D5C09B /* DetailUserVC.swift */; };
		F5AFAECA1D11DE4300AC2B0B /* AppDelegate.swift in Sources */ = {isa = PBXBuildFile; fileRef = F5AFAEC91D11DE4300AC2B0B /* AppDelegate.swift */; };
		F5AFAECC1D11DE4300AC2B0B /* UsersTableVC.swift in Sources */ = {isa = PBXBuildFile; fileRef = F5AFAECB1D11DE4300AC2B0B /* UsersTableVC.swift */; };
		F5AFAED11D11DE4300AC2B0B /* Assets.xcassets in Resources */ = {isa = PBXBuildFile; fileRef = F5AFAED01D11DE4300AC2B0B /* Assets.xcassets */; };
		F5AFAED41D11DE4300AC2B0B /* LaunchScreen.storyboard in Resources */ = {isa = PBXBuildFile; fileRef = F5AFAED21D11DE4300AC2B0B /* LaunchScreen.storyboard */; };
		F5AFAEDC1D11E35A00AC2B0B /* User.swift in Sources */ = {isa = PBXBuildFile; fileRef = F5AFAEDB1D11E35A00AC2B0B /* User.swift */; };
		F5AFAEDE1D11EF5600AC2B0B /* GetGithubUsers.swift in Sources */ = {isa = PBXBuildFile; fileRef = F5AFAEDD1D11EF5600AC2B0B /* GetGithubUsers.swift */; };
/* End PBXBuildFile section */

/* Begin PBXFileReference section */
		F5707FBA1D12D4C000D5C09B /* DetailUserVC.swift */ = {isa = PBXFileReference; fileEncoding = 4; lastKnownFileType = sourcecode.swift; path = DetailUserVC.swift; sourceTree = "<group>"; };
		F5AFAEC61D11DE4300AC2B0B /* GitHubUsers.app */ = {isa = PBXFileReference; explicitFileType = wrapper.application; includeInIndex = 0; path = GitHubUsers.app; sourceTree = BUILT_PRODUCTS_DIR; };
		F5AFAEC91D11DE4300AC2B0B /* AppDelegate.swift */ = {isa = PBXFileReference; lastKnownFileType = sourcecode.swift; path = AppDelegate.swift; sourceTree = "<group>"; };
		F5AFAECB1D11DE4300AC2B0B /* UsersTableVC.swift */ = {isa = PBXFileReference; lastKnownFileType = sourcecode.swift; path = UsersTableVC.swift; sourceTree = "<group>"; };
		F5AFAED01D11DE4300AC2B0B /* Assets.xcassets */ = {isa = PBXFileReference; lastKnownFileType = folder.assetcatalog; path = Assets.xcassets; sourceTree = "<group>"; };
		F5AFAED31D11DE4300AC2B0B /* Base */ = {isa = PBXFileReference; lastKnownFileType = file.storyboard; name = Base; path = Base.lproj/LaunchScreen.storyboard; sourceTree = "<group>"; };
		F5AFAED51D11DE4300AC2B0B /* Info.plist */ = {isa = PBXFileReference; lastKnownFileType = text.plist.xml; path = Info.plist; sourceTree = "<group>"; };
		F5AFAEDB1D11E35A00AC2B0B /* User.swift */ = {isa = PBXFileReference; fileEncoding = 4; lastKnownFileType = sourcecode.swift; path = User.swift; sourceTree = "<group>"; };
		F5AFAEDD1D11EF5600AC2B0B /* GetGithubUsers.swift */ = {isa = PBXFileReference; fileEncoding = 4; lastKnownFileType = sourcecode.swift; path = GetGithubUsers.swift; sourceTree = "<group>"; };
/* End PBXFileReference section */

/* Begin PBXFrameworksBuildPhase section */
		F5AFAEC31D11DE4300AC2B0B /* Frameworks */ = {
			isa = PBXFrameworksBuildPhase;
			buildActionMask = 2147483647;
			files = (
			);
			runOnlyForDeploymentPostprocessing = 0;
		};
/* End PBXFrameworksBuildPhase section */

/* Begin PBXGroup section */
		F5AFAEBD1D11DE4300AC2B0B = {
			isa = PBXGroup;
			children = (
				F5AFAEC81D11DE4300AC2B0B /* GitHubUsers */,
				F5AFAEC71D11DE4300AC2B0B /* Products */,
			);
			sourceTree = "<group>";
		};
		F5AFAEC71D11DE4300AC2B0B /* Products */ = {
			isa = PBXGroup;
			children = (
				F5AFAEC61D11DE4300AC2B0B /* GitHubUsers.app */,
			);
			name = Products;
			sourceTree = "<group>";
		};
		F5AFAEC81D11DE4300AC2B0B /* GitHubUsers */ = {
			isa = PBXGroup;
			children = (
				F5AFAEC91D11DE4300AC2B0B /* AppDelegate.swift */,
				F5AFAEDB1D11E35A00AC2B0B /* User.swift */,
				F5AFAECB1D11DE4300AC2B0B /* UsersTableVC.swift */,
				F5707FBA1D12D4C000D5C09B /* DetailUserVC.swift */,
				F5AFAEDD1D11EF5600AC2B0B /* GetGithubUsers.swift */,
				F5AFAED01D11DE4300AC2B0B /* Assets.xcassets */,
				F5AFAED21D11DE4300AC2B0B /* LaunchScreen.storyboard */,
				F5AFAED51D11DE4300AC2B0B /* Info.plist */,
			);
			path = GitHubUsers;
			sourceTree = "<group>";
		};
/* End PBXGroup section */

/* Begin PBXNativeTarget section */
		F5AFAEC51D11DE4300AC2B0B /* GitHubUsers */ = {
			isa = PBXNativeTarget;
			buildConfigurationList = F5AFAED81D11DE4300AC2B0B /* Build configuration list for PBXNativeTarget "GitHubUsers" */;
			buildPhases = (
				F5AFAEC21D11DE4300AC2B0B /* Sources */,
				F5AFAEC31D11DE4300AC2B0B /* Frameworks */,
				F5AFAEC41D11DE4300AC2B0B /* Resources */,
			);
			buildRules = (
			);
			dependencies = (
			);
			name = GitHubUsers;
			productName = GitHubUsers;
			productReference = F5AFAEC61D11DE4300AC2B0B /* GitHubUsers.app */;
			productType = "com.apple.product-type.application";
		};
/* End PBXNativeTarget section */

/* Begin PBXProject section */
		F5AFAEBE1D11DE4300AC2B0B /* Project object */ = {
			isa = PBXProject;
			attributes = {
				LastSwiftUpdateCheck = 0800;
				LastUpgradeCheck = 0800;
				ORGANIZATIONNAME = "VLADISLAV TAIURSKIY";
				TargetAttributes = {
					F5AFAEC51D11DE4300AC2B0B = {
						CreatedOnToolsVersion = 8.0;
						DevelopmentTeam = DW5R2L25P8;
						DevelopmentTeamName = "VLADISLAV TAIURSKIY (Personal Team)";
						ProvisioningStyle = Automatic;
					};
				};
			};
			buildConfigurationList = F5AFAEC11D11DE4300AC2B0B /* Build configuration list for PBXProject "GitHubUsers" */;
			compatibilityVersion = "Xcode 3.2";
			developmentRegion = English;
			hasScannedForEncodings = 0;
			knownRegions = (
				en,
				Base,
			);
			mainGroup = F5AFAEBD1D11DE4300AC2B0B;
			productRefGroup = F5AFAEC71D11DE4300AC2B0B /* Products */;
			projectDirPath = "";
			projectRoot = "";
			targets = (
				F5AFAEC51D11DE4300AC2B0B /* GitHubUsers */,
			);
		};
/* End PBXProject section */

/* Begin PBXResourcesBuildPhase section */
		F5AFAEC41D11DE4300AC2B0B /* Resources */ = {
			isa = PBXResourcesBuildPhase;
			buildActionMask = 2147483647;
			files = (
				F5AFAED41D11DE4300AC2B0B /* LaunchScreen.storyboard in Resources */,
				F5AFAED11D11DE4300AC2B0B /* Assets.xcassets in Resources */,
			);
			runOnlyForDeploymentPostprocessing = 0;
		};
/* End PBXResourcesBuildPhase section */

/* Begin PBXSourcesBuildPhase section */
		F5AFAEC21D11DE4300AC2B0B /* Sources */ = {
			isa = PBXSourcesBuildPhase;
			buildActionMask = 2147483647;
			files = (
				F5AFAEDE1D11EF5600AC2B0B /* GetGithubUsers.swift in Sources */,
				F5AFAECC1D11DE4300AC2B0B /* UsersTableVC.swift in Sources */,
				F5AFAECA1D11DE4300AC2B0B /* AppDelegate.swift in Sources */,
				F5707FBB1D12D4C000D5C09B /* DetailUserVC.swift in Sources */,
				F5AFAEDC1D11E35A00AC2B0B /* User.swift in Sources */,
			);
			runOnlyForDeploymentPostprocessing = 0;
		};
/* End PBXSourcesBuildPhase section */

/* Begin PBXVariantGroup section */
		F5AFAED21D11DE4300AC2B0B /* LaunchScreen.storyboard */ = {
			isa = PBXVariantGroup;
			children = (
				F5AFAED31D11DE4300AC2B0B /* Base */,
			);
			name = LaunchScreen.storyboard;
			sourceTree = "<group>";
		};
/* End PBXVariantGroup section */

/* Begin XCBuildConfiguration section */
		F5AFAED61D11DE4300AC2B0B /* Debug */ = {
			isa = XCBuildConfiguration;
			buildSettings = {
				ALWAYS_SEARCH_USER_PATHS = NO;
				CLANG_ANALYZER_NONNULL = YES;
				CLANG_CXX_LANGUAGE_STANDARD = "gnu++0x";
				CLANG_CXX_LIBRARY = "libc++";
				CLANG_ENABLE_MODULES = YES;
				CLANG_ENABLE_OBJC_ARC = YES;
				CLANG_WARN_BOOL_CONVERSION = YES;
				CLANG_WARN_CONSTANT_CONVERSION = YES;
				CLANG_WARN_DIRECT_OBJC_ISA_USAGE = YES_ERROR;
				CLANG_WARN_DOCUMENTATION_COMMENTS = YES;
				CLANG_WARN_EMPTY_BODY = YES;
				CLANG_WARN_ENUM_CONVERSION = YES;
				CLANG_WARN_INT_CONVERSION = YES;
				CLANG_WARN_OBJC_ROOT_CLASS = YES_ERROR;
				CLANG_WARN_UNREACHABLE_CODE = YES;
				CLANG_WARN__DUPLICATE_METHOD_MATCH = YES;
				"CODE_SIGN_IDENTITY[sdk=iphoneos*]" = "iPhone Developer";
				COPY_PHASE_STRIP = NO;
				DEBUG_INFORMATION_FORMAT = dwarf;
				ENABLE_STRICT_OBJC_MSGSEND = YES;
				ENABLE_TESTABILITY = YES;
				GCC_C_LANGUAGE_STANDARD = gnu99;
				GCC_DYNAMIC_NO_PIC = NO;
				GCC_NO_COMMON_BLOCKS = YES;
				GCC_OPTIMIZATION_LEVEL = 0;
				GCC_PREPROCESSOR_DEFINITIONS = (
					"DEBUG=1",
					"$(inherited)",
				);
				GCC_WARN_64_TO_32_BIT_CONVERSION = YES;
				GCC_WARN_ABOUT_RETURN_TYPE = YES_ERROR;
				GCC_WARN_UNDECLARED_SELECTOR = YES;
				GCC_WARN_UNINITIALIZED_AUTOS = YES_AGGRESSIVE;
				GCC_WARN_UNUSED_FUNCTION = YES;
				GCC_WARN_UNUSED_VARIABLE = YES;
				IPHONEOS_DEPLOYMENT_TARGET = 10.0;
				MTL_ENABLE_DEBUG_INFO = YES;
				ONLY_ACTIVE_ARCH = YES;
				SDKROOT = iphoneos;
				SWIFT_ACTIVE_COMPILATION_CONDITIONS = DEBUG;
				SWIFT_OPTIMIZATION_LEVEL = "-Onone";
				TARGETED_DEVICE_FAMILY = "1,2";
			};
			name = Debug;
		};
		F5AFAED71D11DE4300AC2B0B /* Release */ = {
			isa = XCBuildConfiguration;
			buildSettings = {
				ALWAYS_SEARCH_USER_PATHS = NO;
				CLANG_ANALYZER_NONNULL = YES;
				CLANG_CXX_LANGUAGE_STANDARD = "gnu++0x";
				CLANG_CXX_LIBRARY = "libc++";
				CLANG_ENABLE_MODULES = YES;
				CLANG_ENABLE_OBJC_ARC = YES;
				CLANG_WARN_BOOL_CONVERSION = YES;
				CLANG_WARN_CONSTANT_CONVERSION = YES;
				CLANG_WARN_DIRECT_OBJC_ISA_USAGE = YES_ERROR;
				CLANG_WARN_DOCUMENTATION_COMMENTS = YES;
				CLANG_WARN_EMPTY_BODY = YES;
				CLANG_WARN_ENUM_CONVERSION = YES;
				CLANG_WARN_INT_CONVERSION = YES;
				CLANG_WARN_OBJC_ROOT_CLASS = YES_ERROR;
				CLANG_WARN_UNREACHABLE_CODE = YES;
				CLANG_WARN__DUPLICATE_METHOD_MATCH = YES;
				"CODE_SIGN_IDENTITY[sdk=iphoneos*]" = "iPhone Developer";
				COPY_PHASE_STRIP = NO;
				DEBUG_INFORMATION_FORMAT = "dwarf-with-dsym";
				ENABLE_NS_ASSERTIONS = NO;
				ENABLE_STRICT_OBJC_MSGSEND = YES;
				GCC_C_LANGUAGE_STANDARD = gnu99;
				GCC_NO_COMMON_BLOCKS = YES;
				GCC_WARN_64_TO_32_BIT_CONVERSION = YES;
				GCC_WARN_ABOUT_RETURN_TYPE = YES_ERROR;
				GCC_WARN_UNDECLARED_SELECTOR = YES;
				GCC_WARN_UNINITIALIZED_AUTOS = YES_AGGRESSIVE;
				GCC_WARN_UNUSED_FUNCTION = YES;
				GCC_WARN_UNUSED_VARIABLE = YES;
				IPHONEOS_DEPLOYMENT_TARGET = 10.0;
				MTL_ENABLE_DEBUG_INFO = NO;
				SDKROOT = iphoneos;
				SWIFT_OPTIMIZATION_LEVEL = "-Owholemodule";
				TARGETED_DEVICE_FAMILY = "1,2";
				VALIDATE_PRODUCT = YES;
			};
			name = Release;
		};
		F5AFAED91D11DE4300AC2B0B /* Debug */ = {
			isa = XCBuildConfiguration;
			buildSettings = {
				ASSETCATALOG_COMPILER_APPICON_NAME = AppIcon;
				INFOPLIST_FILE = GitHubUsers/Info.plist;
				IPHONEOS_DEPLOYMENT_TARGET = 10.0;
				LD_RUNPATH_SEARCH_PATHS = "$(inherited) @executable_path/Frameworks";
				PRODUCT_BUNDLE_IDENTIFIER = dev.vlad.GitHubUsers;
				PRODUCT_NAME = "$(TARGET_NAME)";
				SWIFT_VERSION = 3.0;
			};
			name = Debug;
		};
		F5AFAEDA1D11DE4300AC2B0B /* Release */ = {
			isa = XCBuildConfiguration;
			buildSettings = {
				ASSETCATALOG_COMPILER_APPICON_NAME = AppIcon;
				INFOPLIST_FILE = GitHubUsers/Info.plist;
				IPHONEOS_DEPLOYMENT_TARGET = 10.0;
				LD_RUNPATH_SEARCH_PATHS = "$(inherited) @executable_path/Frameworks";
				PRODUCT_BUNDLE_IDENTIFIER = dev.vlad.GitHubUsers;
				PRODUCT_NAME = "$(TARGET_NAME)";
				SWIFT_VERSION = 3.0;
			};
			name = Release;
		};
/* End XCBuildConfiguration section */

/* Begin XCConfigurationList section */
		F5AFAEC11D11DE4300AC2B0B /* Build configuration list for PBXProject "GitHubUsers" */ = {
			isa = XCConfigurationList;
			buildConfigurations = (
				F5AFAED61D11DE4300AC2B0B /* Debug */,
				F5AFAED71D11DE4300AC2B0B /* Release */,
			);
			defaultConfigurationIsVisible = 0;
			defaultConfigurationName = Release;
		};
		F5AFAED81D11DE4300AC2B0B /* Build configuration list for PBXNativeTarget "GitHubUsers" */ = {
			isa = XCConfigurationList;
			buildConfigurations = (
				F5AFAED91D11DE4300AC2B0B /* Debug */,
				F5AFAEDA1D11DE4300AC2B0B /* Release */,
			);
			defaultConfigurationIsVisible = 0;
			defaultConfigurationName = Release;
		};
/* End XCConfigurationList section */
	};
	rootObject = F5AFAEBE1D11DE4300AC2B0B /* Project object */;
}
